
Microsoft Visual Studio Solution File, Format Version 12.00
Project("{FAE04EC0-301F-11D3-BF4B-00C04F79EFBC}") = "DND Lesson 2 Exercises", "DND Lesson 2 Exercises\DND Lesson 2 Exercises.csproj", "{431AA876-40BE-4FD0-BCA5-ADE07F1B1D28}"
EndProject
Project("{FAE04EC0-301F-11D3-BF4B-00C04F79EFBC}") = "Ex2_JsonIntro", "Ex2_JsonIntro\Ex2_JsonIntro.csproj", "{BF66A443-5B7C-477B-861E-9E2CC1B63A38}"
EndProject
Global
	GlobalSection(SolutionConfigurationPlatforms) = preSolution
		Debug|Any CPU = Debug|Any CPU
		Release|Any CPU = Release|Any CPU
	EndGlobalSection
	GlobalSection(ProjectConfigurationPlatforms) = postSolution
		{431AA876-40BE-4FD0-BCA5-ADE07F1B1D28}.Debug|Any CPU.ActiveCfg = Debug|Any CPU
		{431AA876-40BE-4FD0-BCA5-ADE07F1B1D28}.Debug|Any CPU.Build.0 = Debug|Any CPU
		{431AA876-40BE-4FD0-BCA5-ADE07F1B1D28}.Release|Any CPU.ActiveCfg = Release|Any CPU
		{431AA876-40BE-4FD0-BCA5-ADE07F1B1D28}.Release|Any CPU.Build.0 = Release|Any CPU
		{BF66A443-5B7C-477B-861E-9E2CC1B63A38}.Debug|Any CPU.ActiveCfg = Debug|Any CPU
		{BF66A443-5B7C-477B-861E-9E2CC1B63A38}.Debug|Any CPU.Build.0 = Debug|Any CPU
		{BF66A443-5B7C-477B-861E-9E2CC1B63A38}.Release|Any CPU.ActiveCfg = Release|Any CPU
		{BF66A443-5B7C-477B-861E-9E2CC1B63A38}.Release|Any CPU.Build.0 = Release|Any CPU
	EndGlobalSection
EndGlobal
