
Microsoft Visual Studio Solution File, Format Version 12.00
Project("{FAE04EC0-301F-11D3-BF4B-00C04F79EFBC}") = "DND Lesson 1 Exercises", "DND Lesson 1 Exercises\DND Lesson 1 Exercises.csproj", "{7CE6A348-075B-42B3-A61F-9ADD71725434}"
EndProject
Project("{FAE04EC0-301F-11D3-BF4B-00C04F79EFBC}") = "Ex3", "Ex3\Ex3.csproj", "{D1E8F9AF-B8F7-4482-AEF4-875BA35F0C5E}"
EndProject
Project("{FAE04EC0-301F-11D3-BF4B-00C04F79EFBC}") = "Ex7", "Ex7\Ex7.csproj", "{85E03407-5076-4618-8A5E-72CA1E1AEF21}"
EndProject
Project("{FAE04EC0-301F-11D3-BF4B-00C04F79EFBC}") = "Ex8", "Ex8\Ex8.csproj", "{63E0F394-501C-4192-B8F6-B3AC575BE6EE}"
EndProject
Project("{FAE04EC0-301F-11D3-BF4B-00C04F79EFBC}") = "Ex9", "Ex9\Ex9.csproj", "{93FC9FB2-F59B-4702-959B-ECAF48EFB358}"
EndProject
Global
	GlobalSection(SolutionConfigurationPlatforms) = preSolution
		Debug|Any CPU = Debug|Any CPU
		Release|Any CPU = Release|Any CPU
	EndGlobalSection
	GlobalSection(ProjectConfigurationPlatforms) = postSolution
		{7CE6A348-075B-42B3-A61F-9ADD71725434}.Debug|Any CPU.ActiveCfg = Debug|Any CPU
		{7CE6A348-075B-42B3-A61F-9ADD71725434}.Debug|Any CPU.Build.0 = Debug|Any CPU
		{7CE6A348-075B-42B3-A61F-9ADD71725434}.Release|Any CPU.ActiveCfg = Release|Any CPU
		{7CE6A348-075B-42B3-A61F-9ADD71725434}.Release|Any CPU.Build.0 = Release|Any CPU
		{D1E8F9AF-B8F7-4482-AEF4-875BA35F0C5E}.Debug|Any CPU.ActiveCfg = Debug|Any CPU
		{D1E8F9AF-B8F7-4482-AEF4-875BA35F0C5E}.Debug|Any CPU.Build.0 = Debug|Any CPU
		{D1E8F9AF-B8F7-4482-AEF4-875BA35F0C5E}.Release|Any CPU.ActiveCfg = Release|Any CPU
		{D1E8F9AF-B8F7-4482-AEF4-875BA35F0C5E}.Release|Any CPU.Build.0 = Release|Any CPU
		{85E03407-5076-4618-8A5E-72CA1E1AEF21}.Debug|Any CPU.ActiveCfg = Debug|Any CPU
		{85E03407-5076-4618-8A5E-72CA1E1AEF21}.Debug|Any CPU.Build.0 = Debug|Any CPU
		{85E03407-5076-4618-8A5E-72CA1E1AEF21}.Release|Any CPU.ActiveCfg = Release|Any CPU
		{85E03407-5076-4618-8A5E-72CA1E1AEF21}.Release|Any CPU.Build.0 = Release|Any CPU
		{63E0F394-501C-4192-B8F6-B3AC575BE6EE}.Debug|Any CPU.ActiveCfg = Debug|Any CPU
		{63E0F394-501C-4192-B8F6-B3AC575BE6EE}.Debug|Any CPU.Build.0 = Debug|Any CPU
		{63E0F394-501C-4192-B8F6-B3AC575BE6EE}.Release|Any CPU.ActiveCfg = Release|Any CPU
		{63E0F394-501C-4192-B8F6-B3AC575BE6EE}.Release|Any CPU.Build.0 = Release|Any CPU
		{93FC9FB2-F59B-4702-959B-ECAF48EFB358}.Debug|Any CPU.ActiveCfg = Debug|Any CPU
		{93FC9FB2-F59B-4702-959B-ECAF48EFB358}.Debug|Any CPU.Build.0 = Debug|Any CPU
		{93FC9FB2-F59B-4702-959B-ECAF48EFB358}.Release|Any CPU.ActiveCfg = Release|Any CPU
		{93FC9FB2-F59B-4702-959B-ECAF48EFB358}.Release|Any CPU.Build.0 = Release|Any CPU
	EndGlobalSection
EndGlobal
